// !$*UTF8*$!
{
	archiveVersion = 1;
	classes = {
	};
	objectVersion = 56;
	objects = {
		A10000000000000000000001 /* Project object */ = {
			isa = PBXProject;
			attributes = {
				LastSwiftUpdateCheck = 1500;
				LastUpgradeCheck = 1500;
			};
			buildConfigurationList = A10000000000000000000002 /* Build configuration list */;
			compatibilityVersion = "Xcode 14.0";
			developmentRegion = en;
			hasScannedForEncodings = 0;
			knownRegions = (
				en,
				Base,
			);
			mainGroup = A10000000000000000000003;
			packageReferences = (
				A10000000000000000000010 /* XCLocalSwiftPackageReference */,
			);
			preferredProjectObjectVersion = 56;
			productRefGroup = A10000000000000000000004 /* Products */;
			projectDirPath = "";
			projectRoot = "";
			targets = (
			);
		};
		A10000000000000000000002 /* Build configuration list */ = {
			isa = XCConfigurationList;
			buildConfigurations = (
				A10000000000000000000005 /* Debug */,
				A10000000000000000000006 /* Release */,
			);
			defaultConfigurationIsVisible = 0;
			defaultConfigurationName = Release;
		};
		A10000000000000000000003 = {
			isa = PBXGroup;
			children = (
				A10000000000000000000004 /* Products */,
			);
			sourceTree = "<group>";
		};
		A10000000000000000000004 /* Products */ = {
			isa = PBXGroup;
			children = (
			);
			name = Products;
			sourceTree = "<group>";
		};
		A10000000000000000000005 /* Debug */ = {
			isa = XCBuildConfiguration;
			buildSettings = {
				SDKROOT = macosx;
				MACOSX_DEPLOYMENT_TARGET = 14.2;
			};
			name = Debug;
		};
		A10000000000000000000006 /* Release */ = {
			isa = XCBuildConfiguration;
			buildSettings = {
				SDKROOT = macosx;
				MACOSX_DEPLOYMENT_TARGET = 14.2;
			};
			name = Release;
		};
		A10000000000000000000010 /* XCLocalSwiftPackageReference */ = {
			isa = XCLocalSwiftPackageReference;
			relativePath = .;
		};
	};
	rootObject = A10000000000000000000001 /* Project object */;
}
